{
  "name": "codekit-project",
  "version": "1.0.0",
  "lockfileVersion": 1,
  "requires": true,
  "dependencies": {
    "@popperjs/core": {
      "version": "2.11.7",
      "resolved": "https://registry.npmjs.org/@popperjs/core/-/core-2.11.7.tgz",
      "integrity": "sha512-Cr4OjIkipTtcXKjAsm8agyleBuDHvxzeBoa1v543lbv1YaIwQjESsVcmjiWiPEbC1FIeHOG/Op9kdCmAmiS3Kw=="
    },
    "bootstrap": {
      "version": "5.2.3",
      "resolved": "https://registry.npmjs.org/bootstrap/-/bootstrap-5.2.3.tgz",
      "integrity": "sha512-cEKPM+fwb3cT8NzQZYEu4HilJ3anCrWqh3CHAok1p9jXqMPsPTBhU25fBckEJHJ/p+tTxTFTsFQGM+gaHpi3QQ=="
    },
    "in-view": {
      "version": "0.6.1",
      "resolved": "https://registry.npmjs.org/in-view/-/in-view-0.6.1.tgz",
      "integrity": "sha1-+fmbXVpv4BNZ2eGcVwMCoxIbr0I=",
      "requires": {
        "lodash": "^4.15.0"
      }
    },
    "jquery": {
      "version": "3.7.0",
      "resolved": "https://registry.npmjs.org/jquery/-/jquery-3.7.0.tgz",
      "integrity": "sha512-umpJ0/k8X0MvD1ds0P9SfowREz2LenHsQaxSohMZ5OMNEU2r0tf8pdeEFTHMFxWVxKNyU9rTtK3CWzUCTKJUeQ=="
    },
    "lity": {
      "version": "2.4.1",
      "resolved": "https://registry.npmjs.org/lity/-/lity-2.4.1.tgz",
      "integrity": "sha512-SVCYf+urp9tgGITi8RIJlzl6cMH6/gl16vkwOscLzN+5I1+/vxYbypbWMeHmbYCwGflq35bcvtzh6RxROWjSTw=="
    },
    "lodash": {
      "version": "4.17.21",
      "resolved": "https://registry.npmjs.org/lodash/-/lodash-4.17.21.tgz",
      "integrity": "sha512-v2kDEe57lecTulaDIuNTPy3Ry4gLGJ6Z1O3vE1krgXZNrsQ+LFTGHVxVjcXPs17LhbZVGedAJv8XZ1tvj5FvSg=="
    },
    "matchheight": {
      "version": "0.2.0",
      "resolved": "https://registry.npmjs.org/matchheight/-/matchheight-0.2.0.tgz",
      "integrity": "sha512-JOrXIxhGTIYPls0NA3HA28SGF7vYoVDyS38HOzr8Vm9iwY40S/zHgC5O3YHOViNfpGG5D8x9666jjF4btf4Xrg=="
    },
    "slick-carousel": {
      "version": "1.8.1",
      "resolved": "https://registry.npmjs.org/slick-carousel/-/slick-carousel-1.8.1.tgz",
      "integrity": "sha512-XB9Ftrf2EEKfzoQXt3Nitrt/IPbT+f1fgqBdoxO3W/+JYvtEOW6EgxnWfr9GH6nmULv7Y2tPmEX3koxThVmebA=="
    }
  }
}
