{
  "name": "codekit-project",
  "version": "1.0.0",
  "lockfileVersion": 3,
  "requires": true,
  "packages": {
    "": {
      "name": "codekit-project",
      "version": "1.0.0",
      "license": "UNLICENSED",
      "dependencies": {
        "@popperjs/core": "^2.11.7",
        "bootstrap": "^5.2.3",
        "in-view": "^0.6.1",
        "jquery": "^3.7.0",
        "lity": "^2.4.1",
        "matchheight": "^1.1.2",
        "slick-carousel": "^1.8.1"
      },
      "devDependencies": {}
    },
    "node_modules/@popperjs/core": {
      "version": "2.11.8",
      "resolved": "https://registry.npmjs.org/@popperjs/core/-/core-2.11.8.tgz",
      "integrity": "sha512-P1st0aksCrn9sGZhp8GMYwBnQsbvAWsZAX44oXNNvLHGqAOcoVxmjZiohstwQ7SqKnbR47akdNi+uleWD8+g6A==",
      "license": "MIT",
      "funding": {
        "type": "opencollective",
        "url": "https://opencollective.com/popperjs"
      }
    },
    "node_modules/bootstrap": {
      "version": "5.3.3",
      "resolved": "https://registry.npmjs.org/bootstrap/-/bootstrap-5.3.3.tgz",
      "integrity": "sha512-8HLCdWgyoMguSO9o+aH+iuZ+aht+mzW0u3HIMzVu7Srrpv7EBBxTnrFlSCskwdY1+EOFQSm7uMJhNQHkdPcmjg==",
      "funding": [
        {
          "type": "github",
          "url": "https://github.com/sponsors/twbs"
        },
        {
          "type": "opencollective",
          "url": "https://opencollective.com/bootstrap"
        }
      ],
      "license": "MIT",
      "peerDependencies": {
        "@popperjs/core": "^2.11.8"
      }
    },
    "node_modules/in-view": {
      "version": "0.6.1",
      "resolved": "https://registry.npmjs.org/in-view/-/in-view-0.6.1.tgz",
      "integrity": "sha1-+fmbXVpv4BNZ2eGcVwMCoxIbr0I=",
      "dependencies": {
        "lodash": "^4.15.0"
      }
    },
    "node_modules/jquery": {
      "version": "3.7.0",
      "resolved": "https://registry.npmjs.org/jquery/-/jquery-3.7.0.tgz",
      "integrity": "sha512-umpJ0/k8X0MvD1ds0P9SfowREz2LenHsQaxSohMZ5OMNEU2r0tf8pdeEFTHMFxWVxKNyU9rTtK3CWzUCTKJUeQ=="
    },
    "node_modules/lity": {
      "version": "2.4.1",
      "resolved": "https://registry.npmjs.org/lity/-/lity-2.4.1.tgz",
      "integrity": "sha512-SVCYf+urp9tgGITi8RIJlzl6cMH6/gl16vkwOscLzN+5I1+/vxYbypbWMeHmbYCwGflq35bcvtzh6RxROWjSTw==",
      "peerDependencies": {
        "jquery": ">=1.7"
      }
    },
    "node_modules/lodash": {
      "version": "4.17.21",
      "resolved": "https://registry.npmjs.org/lodash/-/lodash-4.17.21.tgz",
      "integrity": "sha512-v2kDEe57lecTulaDIuNTPy3Ry4gLGJ6Z1O3vE1krgXZNrsQ+LFTGHVxVjcXPs17LhbZVGedAJv8XZ1tvj5FvSg=="
    },
    "node_modules/matchheight": {
      "version": "1.1.2",
      "resolved": "https://registry.npmjs.org/matchheight/-/matchheight-1.1.2.tgz",
      "integrity": "sha512-MkuOYeF1ADtlwTGIiui8u6n6sacpoqEnNpkOkzv88TEJT4qjPmrv2k0D43g7byo4/AKeXd/8DiyrtP1kVGC0dA==",
      "license": "MIT"
    },
    "node_modules/slick-carousel": {
      "version": "1.8.1",
      "resolved": "https://registry.npmjs.org/slick-carousel/-/slick-carousel-1.8.1.tgz",
      "integrity": "sha512-XB9Ftrf2EEKfzoQXt3Nitrt/IPbT+f1fgqBdoxO3W/+JYvtEOW6EgxnWfr9GH6nmULv7Y2tPmEX3koxThVmebA==",
      "peerDependencies": {
        "jquery": ">=1.8.0"
      }
    }
  }
}
